
Microsoft Visual Studio Solution File, Format Version 12.00
# Visual Studio Version 17
VisualStudioVersion = 17.2.32630.192
MinimumVisualStudioVersion = 10.0.40219.1
Project("{FAE04EC0-301F-11D3-BF4B-00C04F79EFBC}") = "Lab4", "Lab4.csproj", "{327D7676-1BBF-48F8-AD10-AE0BA23159C0}"
EndProject
Global
	GlobalSection(SolutionConfigurationPlatforms) = preSolution
		Debug|Any CPU = Debug|Any CPU
		Release|Any CPU = Release|Any CPU
	EndGlobalSection
	GlobalSection(ProjectConfigurationPlatforms) = postSolution
		{327D7676-1BBF-48F8-AD10-AE0BA23159C0}.Debug|Any CPU.ActiveCfg = Debug|Any CPU
		{327D7676-1BBF-48F8-AD10-AE0BA23159C0}.Debug|Any CPU.Build.0 = Debug|Any CPU
		{327D7676-1BBF-48F8-AD10-AE0BA23159C0}.Release|Any CPU.ActiveCfg = Release|Any CPU
		{327D7676-1BBF-48F8-AD10-AE0BA23159C0}.Release|Any CPU.Build.0 = Release|Any CPU
	EndGlobalSection
	GlobalSection(SolutionProperties) = preSolution
		HideSolutionNode = FALSE
	EndGlobalSection
	GlobalSection(ExtensibilityGlobals) = postSolution
		SolutionGuid = {F5191E1A-31CB-41C5-84D5-C8B6100C5BDD}
	EndGlobalSection
EndGlobal
